// !$*UTF8*$!
{
	archiveVersion = 1;
	classes = {
	};
	objectVersion = 77;
	objects = {

/* Begin PBXBuildFile section */
		A10000000000000000000012 /* Sparkle in Frameworks */ = {isa = PBXBuildFile; productRef = A10000000000000000000011 /* Sparkle */; };
		A10000000000000000000021 /* AppIcon.icns in Resources */ = {isa = PBXBuildFile; fileRef = A10000000000000000000031 /* AppIcon.icns */; };
		A10000000000000000000022 /* Localizable.xcstrings in Resources */ = {isa = PBXBuildFile; fileRef = A10000000000000000000032 /* Localizable.xcstrings */; };
		A10000000000000000000023 /* ModeldialShareMark.svg in Resources */ = {isa = PBXBuildFile; fileRef = A10000000000000000000033 /* ModeldialShareMark.svg */; };
		A10000000000000000000024 /* ModeldialWordmark.svg in Resources */ = {isa = PBXBuildFile; fileRef = A10000000000000000000034 /* ModeldialWordmark.svg */; };
		A10000000000000000000025 /* ProviderLogos in Resources */ = {isa = PBXBuildFile; fileRef = A10000000000000000000035 /* ProviderLogos */; };
		A10000000000000000000026 /* Legal in Resources */ = {isa = PBXBuildFile; fileRef = A10000000000000000000036 /* Legal */; };
/* End PBXBuildFile section */

/* Begin PBXFileReference section */
		A10000000000000000000003 /* modeldial.app */ = {isa = PBXFileReference; explicitFileType = wrapper.application; includeInIndex = 0; path = modeldial.app; sourceTree = BUILT_PRODUCTS_DIR; };
		A10000000000000000000031 /* AppIcon.icns */ = {isa = PBXFileReference; lastKnownFileType = image.icns; path = AppIcon.icns; sourceTree = "<group>"; };
		A10000000000000000000032 /* Localizable.xcstrings */ = {isa = PBXFileReference; lastKnownFileType = text.json.xcstrings; path = Localizable.xcstrings; sourceTree = "<group>"; };
		A10000000000000000000033 /* ModeldialShareMark.svg */ = {isa = PBXFileReference; lastKnownFileType = image.svg; path = ModeldialShareMark.svg; sourceTree = "<group>"; };
		A10000000000000000000034 /* ModeldialWordmark.svg */ = {isa = PBXFileReference; lastKnownFileType = image.svg; path = ModeldialWordmark.svg; sourceTree = "<group>"; };
		A10000000000000000000035 /* ProviderLogos */ = {isa = PBXFileReference; lastKnownFileType = folder; path = ProviderLogos; sourceTree = "<group>"; };
		A10000000000000000000036 /* Legal */ = {isa = PBXFileReference; lastKnownFileType = folder; path = Legal; sourceTree = "<group>"; };
		A10000000000000000000037 /* Info.plist */ = {isa = PBXFileReference; lastKnownFileType = text.plist.xml; path = Info.plist; sourceTree = "<group>"; };
/* End PBXFileReference section */

/* Begin PBXFileSystemSynchronizedRootGroup section */
		A10000000000000000000006 /* Sources */ = {
			isa = PBXFileSystemSynchronizedRootGroup;
			path = Sources;
			sourceTree = "<group>";
		};
/* End PBXFileSystemSynchronizedRootGroup section */

/* Begin PBXFrameworksBuildPhase section */
		A10000000000000000000008 /* Frameworks */ = {
			isa = PBXFrameworksBuildPhase;
			buildActionMask = 2147483647;
			files = (
				A10000000000000000000012 /* Sparkle in Frameworks */,
			);
			runOnlyForDeploymentPostprocessing = 0;
		};
/* End PBXFrameworksBuildPhase section */

/* Begin PBXGroup section */
		A10000000000000000000004 = {
			isa = PBXGroup;
			children = (
				A10000000000000000000006 /* Sources */,
				A10000000000000000000040 /* Resources */,
				A10000000000000000000005 /* Products */,
			);
			sourceTree = "<group>";
		};
		A10000000000000000000005 /* Products */ = {
			isa = PBXGroup;
			children = (
				A10000000000000000000003 /* modeldial.app */,
			);
			name = Products;
			sourceTree = "<group>";
		};
		A10000000000000000000040 /* Resources */ = {
			isa = PBXGroup;
			children = (
				A10000000000000000000031 /* AppIcon.icns */,
				A10000000000000000000037 /* Info.plist */,
				A10000000000000000000036 /* Legal */,
				A10000000000000000000032 /* Localizable.xcstrings */,
				A10000000000000000000033 /* ModeldialShareMark.svg */,
				A10000000000000000000034 /* ModeldialWordmark.svg */,
				A10000000000000000000035 /* ProviderLogos */,
			);
			path = Resources;
			sourceTree = "<group>";
		};
/* End PBXGroup section */

/* Begin PBXNativeTarget section */
		A10000000000000000000002 /* ModelDial */ = {
			isa = PBXNativeTarget;
			buildConfigurationList = A1000000000000000000000D /* Build configuration list for PBXNativeTarget "ModelDial" */;
			buildPhases = (
				A10000000000000000000007 /* Sources */,
				A10000000000000000000008 /* Frameworks */,
				A10000000000000000000009 /* Resources */,
			);
			buildRules = (
			);
			dependencies = (
			);
			fileSystemSynchronizedGroups = (
				A10000000000000000000006 /* Sources */,
			);
			name = ModelDial;
			packageProductDependencies = (
				A10000000000000000000011 /* Sparkle */,
			);
			productName = modeldial;
			productReference = A10000000000000000000003 /* modeldial.app */;
			productType = "com.apple.product-type.application";
		};
/* End PBXNativeTarget section */

/* Begin PBXProject section */
		A10000000000000000000001 /* Project object */ = {
			isa = PBXProject;
			attributes = {
				BuildIndependentTargetsInParallel = 1;
				LastSwiftUpdateCheck = 1640;
				LastUpgradeCheck = 1640;
				TargetAttributes = {
					A10000000000000000000002 = {
						CreatedOnToolsVersion = 16.4;
					};
				};
			};
			buildConfigurationList = A1000000000000000000000A /* Build configuration list for PBXProject "ModelDial" */;
			developmentRegion = "zh-Hans";
			hasScannedForEncodings = 0;
			knownRegions = (
				"zh-Hans",
				en,
				Base,
			);
			mainGroup = A10000000000000000000004;
			minimizedProjectReferenceProxies = 1;
			packageReferences = (
				A10000000000000000000010 /* XCRemoteSwiftPackageReference "Sparkle" */,
			);
			preferredProjectObjectVersion = 77;
			productRefGroup = A10000000000000000000005 /* Products */;
			projectDirPath = "";
			projectRoot = "";
			targets = (
				A10000000000000000000002 /* ModelDial */,
			);
		};
/* End PBXProject section */

/* Begin PBXResourcesBuildPhase section */
		A10000000000000000000009 /* Resources */ = {
			isa = PBXResourcesBuildPhase;
			buildActionMask = 2147483647;
			files = (
				A10000000000000000000021 /* AppIcon.icns in Resources */,
				A10000000000000000000026 /* Legal in Resources */,
				A10000000000000000000022 /* Localizable.xcstrings in Resources */,
				A10000000000000000000023 /* ModeldialShareMark.svg in Resources */,
				A10000000000000000000024 /* ModeldialWordmark.svg in Resources */,
				A10000000000000000000025 /* ProviderLogos in Resources */,
			);
			runOnlyForDeploymentPostprocessing = 0;
		};
/* End PBXResourcesBuildPhase section */

/* Begin PBXSourcesBuildPhase section */
		A10000000000000000000007 /* Sources */ = {
			isa = PBXSourcesBuildPhase;
			buildActionMask = 2147483647;
			files = (
			);
			runOnlyForDeploymentPostprocessing = 0;
		};
/* End PBXSourcesBuildPhase section */

/* Begin XCBuildConfiguration section */
		A1000000000000000000000B /* Debug */ = {
			isa = XCBuildConfiguration;
			buildSettings = {
				CLANG_ENABLE_MODULES = YES;
				CLANG_ENABLE_OBJC_ARC = YES;
				SWIFT_ACTIVE_COMPILATION_CONDITIONS = "DEBUG $(inherited)";
				SWIFT_OPTIMIZATION_LEVEL = "-Onone";
			};
			name = Debug;
		};
		A1000000000000000000000C /* Release */ = {
			isa = XCBuildConfiguration;
			buildSettings = {
				CLANG_ENABLE_MODULES = YES;
				CLANG_ENABLE_OBJC_ARC = YES;
				SWIFT_COMPILATION_MODE = wholemodule;
			};
			name = Release;
		};
		A1000000000000000000000E /* Debug */ = {
			isa = XCBuildConfiguration;
			buildSettings = {
				ARCHS = arm64;
				CURRENT_PROJECT_VERSION = 102;
				DEVELOPMENT_LANGUAGE = "zh-Hans";
				GENERATE_INFOPLIST_FILE = NO;
				INFOPLIST_FILE = Resources/Info.plist;
				LD_RUNPATH_SEARCH_PATHS = (
					"$(inherited)",
					"@executable_path/../Frameworks",
				);
				MACOSX_DEPLOYMENT_TARGET = 13.0;
				MARKETING_VERSION = 0.1.0;
				MODELDIAL_REFERENCE_SNAPSHOT_URL = "";
				MODELDIAL_SOURCE_COMMIT = "";
				MODELDIAL_SU_FEED_URL = "";
				MODELDIAL_SU_PUBLIC_ED_KEY = "";
				ONLY_ACTIVE_ARCH = YES;
				PRODUCT_BUNDLE_IDENTIFIER = com.modeldial.app;
				PRODUCT_NAME = modeldial;
				SWIFT_VERSION = 5.0;
			};
			name = Debug;
		};
		A1000000000000000000000F /* Release */ = {
			isa = XCBuildConfiguration;
			buildSettings = {
				ARCHS = arm64;
				CURRENT_PROJECT_VERSION = 102;
				DEAD_CODE_STRIPPING = YES;
				DEVELOPMENT_LANGUAGE = "zh-Hans";
				GENERATE_INFOPLIST_FILE = NO;
				INFOPLIST_FILE = Resources/Info.plist;
				LD_RUNPATH_SEARCH_PATHS = (
					"$(inherited)",
					"@executable_path/../Frameworks",
				);
				MACOSX_DEPLOYMENT_TARGET = 13.0;
				MARKETING_VERSION = 0.1.0;
				MODELDIAL_REFERENCE_SNAPSHOT_URL = "";
				MODELDIAL_SOURCE_COMMIT = "";
				MODELDIAL_SU_FEED_URL = "";
				MODELDIAL_SU_PUBLIC_ED_KEY = "";
				PRODUCT_BUNDLE_IDENTIFIER = com.modeldial.app;
				PRODUCT_NAME = modeldial;
				SWIFT_VERSION = 5.0;
			};
			name = Release;
		};
/* End XCBuildConfiguration section */

/* Begin XCConfigurationList section */
		A1000000000000000000000A /* Build configuration list for PBXProject "ModelDial" */ = {
			isa = XCConfigurationList;
			buildConfigurations = (
				A1000000000000000000000B /* Debug */,
				A1000000000000000000000C /* Release */,
			);
			defaultConfigurationIsVisible = 0;
			defaultConfigurationName = Release;
		};
		A1000000000000000000000D /* Build configuration list for PBXNativeTarget "ModelDial" */ = {
			isa = XCConfigurationList;
			buildConfigurations = (
				A1000000000000000000000E /* Debug */,
				A1000000000000000000000F /* Release */,
			);
			defaultConfigurationIsVisible = 0;
			defaultConfigurationName = Release;
		};
/* End XCConfigurationList section */

/* Begin XCRemoteSwiftPackageReference section */
		A10000000000000000000010 /* XCRemoteSwiftPackageReference "Sparkle" */ = {
			isa = XCRemoteSwiftPackageReference;
			repositoryURL = "https://github.com/sparkle-project/Sparkle";
			requirement = {
				kind = exactVersion;
				version = 2.9.4;
			};
		};
/* End XCRemoteSwiftPackageReference section */

/* Begin XCSwiftPackageProductDependency section */
		A10000000000000000000011 /* Sparkle */ = {
			isa = XCSwiftPackageProductDependency;
			package = A10000000000000000000010 /* XCRemoteSwiftPackageReference "Sparkle" */;
			productName = Sparkle;
		};
/* End XCSwiftPackageProductDependency section */
	};
	rootObject = A10000000000000000000001 /* Project object */;
}
